# This file is autogenerated, do not edit; changes may be undone by the next 'dep ensure'.


[[projects]]
  name = "github.com/codeship/codeship-go"
  packages = ["."]
  revision = "8c40b7da87235b238b1c09d1266ba1a5d45bb156"
  version = "0.2.2"

[[projects]]
  name = "github.com/davecgh/go-spew"
  packages = ["spew"]
  revision = "346938d642f2ec3594ed81d874461961cd0faa76"
  version = "v1.1.0"

[[projects]]
  name = "github.com/gizak/termui"
  packages = ["."]
  revision = "24acd523c756fd9728824cdfac66aad9d8982fb7"
  version = "v2.2.0"

[[projects]]
  name = "github.com/golang/mock"
  packages = ["gomock"]
  revision = "c34cdb4725f4c3844d095133c6e40e448b86589b"
  version = "v1.1.1"

[[projects]]
  name = "github.com/maruel/panicparse"
  packages = ["stack"]
  revision = "785840568bdc7faa0dfb1cd6c643207f03271f64"
  version = "v1.1.1"

[[projects]]
  name = "github.com/mattn/go-runewidth"
  packages = ["."]
  revision = "9e777a8366cce605130a531d2cd6363d07ad7317"
  version = "v0.0.2"

[[projects]]
  branch = "master"
  name = "github.com/mitchellh/go-wordwrap"
  packages = ["."]
  revision = "ad45545899c7b13c020ea92b2072220eefad42b8"

[[projects]]
  branch = "master"
  name = "github.com/nsf/termbox-go"
  packages = ["."]
  revision = "7cbfaac9e282b3ea0cefeddc67b2c3ed3aaf97bc"

[[projects]]
  name = "github.com/pkg/errors"
  packages = ["."]
  revision = "645ef00459ed84a119197bfb8d8205042c6df63d"
  version = "v0.8.0"

[[projects]]
  name = "github.com/pmezard/go-difflib"
  packages = ["difflib"]
  revision = "792786c7400a136282c1664665ae0a8db921c6c2"
  version = "v1.0.0"

[[projects]]
  name = "github.com/stretchr/objx"
  packages = ["."]
  revision = "477a77ecc69700c7cdeb1fa9e129548e1c1c393c"
  version = "v0.1.1"

[[projects]]
  name = "github.com/stretchr/testify"
  packages = [
    ".",
    "assert",
    "http",
    "mock"
  ]
  revision = "f35b8ab0b5a2cef36673838d662e249dd9c94686"
  version = "v1.2.2"

[[projects]]
  branch = "master"
  name = "golang.org/x/net"
  packages = ["context"]
  revision = "3673e40ba22529d22c3fd7c93e97b0ce50fa7bdd"

[solve-meta]
  analyzer-name = "dep"
  analyzer-version = 1
  inputs-digest = "381fa27a484da5e4d9b65bc9c675916e0177561115d47b362051f0398e644632"
  solver-name = "gps-cdcl"
  solver-version = 1
